
Microsoft Visual Studio Solution File, Format Version 12.00
# Visual Studio Version 16
VisualStudioVersion = 16.0.31911.196
MinimumVisualStudioVersion = 10.0.40219.1
Project("{FAE04EC0-301F-11D3-BF4B-00C04F79EFBC}") = "CourseManagementUITestAutomation", "CourseManagementUITestAutomation\CourseManagementUITestAutomation.csproj", "{72706DE1-B940-44F5-8FC4-73C2EB4B992E}"
EndProject
Global
	GlobalSection(SolutionConfigurationPlatforms) = preSolution
		Debug|Any CPU = Debug|Any CPU
		Release|Any CPU = Release|Any CPU
	EndGlobalSection
	GlobalSection(ProjectConfigurationPlatforms) = postSolution
		{72706DE1-B940-44F5-8FC4-73C2EB4B992E}.Debug|Any CPU.ActiveCfg = Debug|Any CPU
		{72706DE1-B940-44F5-8FC4-73C2EB4B992E}.Debug|Any CPU.Build.0 = Debug|Any CPU
		{72706DE1-B940-44F5-8FC4-73C2EB4B992E}.Release|Any CPU.ActiveCfg = Release|Any CPU
		{72706DE1-B940-44F5-8FC4-73C2EB4B992E}.Release|Any CPU.Build.0 = Release|Any CPU
	EndGlobalSection
	GlobalSection(SolutionProperties) = preSolution
		HideSolutionNode = FALSE
	EndGlobalSection
	GlobalSection(ExtensibilityGlobals) = postSolution
		SolutionGuid = {EB152FD7-6B2C-48BC-B3D7-0A112CF5484B}
	EndGlobalSection
EndGlobal
